
Microsoft Visual Studio Solution File, Format Version 12.00
# Visual Studio Version 16
VisualStudioVersion = 16.0.31005.135
MinimumVisualStudioVersion = 10.0.40219.1
Project("{FAE04EC0-301F-11D3-BF4B-00C04F79EFBC}") = "ms-math", "ms-math\ms-math.csproj", "{A0EFD2D3-84EE-4057-AE08-54792691628F}"
EndProject
Project("{54435603-DBB4-11D2-8724-00A0C9A8B90C}") = "cpyd.msms-Installer", "cpyd.msms-Installer\cpyd.msms-Installer.vdproj", "{5FB63924-6E1E-4BF9-A06F-F299A5CE0156}"
EndProject
Global
	GlobalSection(SolutionConfigurationPlatforms) = preSolution
		Debug|Any CPU = Debug|Any CPU
		Release|Any CPU = Release|Any CPU
	EndGlobalSection
	GlobalSection(ProjectConfigurationPlatforms) = postSolution
		{A0EFD2D3-84EE-4057-AE08-54792691628F}.Debug|Any CPU.ActiveCfg = Debug|Any CPU
		{A0EFD2D3-84EE-4057-AE08-54792691628F}.Debug|Any CPU.Build.0 = Debug|Any CPU
		{A0EFD2D3-84EE-4057-AE08-54792691628F}.Release|Any CPU.ActiveCfg = Release|Any CPU
		{A0EFD2D3-84EE-4057-AE08-54792691628F}.Release|Any CPU.Build.0 = Release|Any CPU
		{5FB63924-6E1E-4BF9-A06F-F299A5CE0156}.Debug|Any CPU.ActiveCfg = Debug
		{5FB63924-6E1E-4BF9-A06F-F299A5CE0156}.Release|Any CPU.ActiveCfg = Release
	EndGlobalSection
	GlobalSection(SolutionProperties) = preSolution
		HideSolutionNode = FALSE
	EndGlobalSection
	GlobalSection(ExtensibilityGlobals) = postSolution
		SolutionGuid = {0D76F4BB-3F81-499A-AABB-0BD483DED9BA}
	EndGlobalSection
EndGlobal
